<?xml version="1.0" encoding="utf-8"?>
<Project ToolsVersion="4.0" xmlns="http://schemas.microsoft.com/developer/msbuild/2003">
  <ItemGroup>
    <ClInclude Include="..\..\code\anvil\interface\screen.h">
      <Filter>interface</Filter>
    </ClInclude>
    <ClInclude Include="..\..\code\anvil\interface\keyboard.h">
      <Filter>interface</Filter>
    </ClInclude>
    <ClInclude Include="..\..\code\anvil\interface\memory.h">
      <Filter>interface</Filter>
    </ClInclude>
    <ClInclude Include="..\..\code\anvil\interface\mouse.h">
      <Filter>interface</Filter>
    </ClInclude>
    <ClInclude Include="..\..\code\anvil\interface\platform.h">
      <Filter>interface</Filter>
    </ClInclude>
    <ClInclude Include="..\..\code\anvil\interface\Module.h">
      <Filter>interface</Filter>
    </ClInclude>
    <ClInclude Include="..\..\code\anvil\windows\keyboard.h">
      <Filter>windows</Filter>
    </ClInclude>
    <ClInclude Include="..\..\code\anvil\windows\screen.h">
      <Filter>windows</Filter>
    </ClInclude>
    <ClInclude Include="..\..\code\anvil\windows\Module.h">
      <Filter>windows</Filter>
    </ClInclude>
  </ItemGroup>
  <ItemGroup>
    <ClCompile Include="..\..\code\anvil\windows\main.cpp">
      <Filter>windows</Filter>
    </ClCompile>
    <ClCompile Include="..\..\code\anvil\windows\Module.cpp">
      <Filter>windows</Filter>
    </ClCompile>
  </ItemGroup>
  <ItemGroup>
    <Filter Include="interface">
      <UniqueIdentifier>{317198b3-c310-496b-aca1-aaca920000d9}</UniqueIdentifier>
    </Filter>
    <Filter Include="windows">
      <UniqueIdentifier>{16ac98aa-9e48-400f-b52f-dd8719178b29}</UniqueIdentifier>
    </Filter>
  </ItemGroup>
</Project>