<?xml version="1.0" encoding="utf-8"?>
<Project ToolsVersion="4.0" xmlns="http://schemas.microsoft.com/developer/msbuild/2003">
  <ItemGroup>
    <ClInclude Include="..\..\code\anvil\interface\screen.h">
      <Filter>interface</Filter>
    </ClInclude>
    <ClInclude Include="..\..\code\anvil\interface\keyboard.h">
      <Filter>interface</Filter>
    </ClInclude>
    <ClInclude Include="..\..\code\anvil\interface\memory.h">
      <Filter>interface</Filter>
    </ClInclude>
    <ClInclude Include="..\..\code\anvil\interface\mouse.h">
      <Filter>interface</Filter>
    </ClInclude>
    <ClInclude Include="..\..\code\anvil\interface\platform.h">
      <Filter>interface</Filter>
    </ClInclude>
    <ClInclude Include="..\..\code\anvil\windows\keyboard.h" />
    <ClInclude Include="..\..\code\anvil\windows\screen.h" />
  </ItemGroup>
  <ItemGroup>
    <ClCompile Include="..\..\code\anvil\windows\main.cpp" />
  </ItemGroup>
  <ItemGroup>
    <Filter Include="interface">
      <UniqueIdentifier>{317198b3-c310-496b-aca1-aaca920000d9}</UniqueIdentifier>
    </Filter>
  </ItemGroup>
</Project>